# This file is autogenerated, do not edit; changes may be undone by the next 'dep ensure'.


[[projects]]
  name = "cloud.google.com/go"
  packages = [
    "compute/metadata",
    "iam",
    "internal",
    "internal/optional",
    "internal/trace",
    "internal/version",
    "storage"
  ]
  revision = "4b98a6370e36d7a85192e7bad08a4ebd82eac2a8"
  version = "v0.20.0"

[[projects]]
  name = "github.com/BurntSushi/toml"
  packages = ["."]
  revision = "b26d9c308763d68093482582cea63d69be07a0f0"
  version = "v0.3.0"

[[projects]]
  name = "github.com/Shopify/sarama"
  packages = ["."]
  revision = "f7be6aa2bc7b2e38edf816b08b582782194a1c02"
  version = "v1.16.0"

[[projects]]
  name = "github.com/VividCortex/gohistogram"
  packages = ["."]
  revision = "51564d9861991fb0ad0f531c99ef602d0f9866e6"
  version = "v1.0.0"

[[projects]]
  branch = "master"
  name = "github.com/afex/hystrix-go"
  packages = [
    "hystrix",
    "hystrix/metric_collector",
    "hystrix/rolling"
  ]
  revision = "f86abeeb9f72803eb19b0d7a25159e55b80e7254"

[[projects]]
  branch = "master"
  name = "github.com/agl/ed25519"
  packages = ["edwards25519"]
  revision = "5312a61534124124185d41f09206b9fef1d88403"

[[projects]]
  name = "github.com/apache/thrift"
  packages = ["lib/go/thrift"]
  revision = "327ebb6c2b6df8bf075da02ef45a2a034e9b79ba"
  version = "0.11.0"

[[projects]]
  branch = "master"
  name = "github.com/armon/consul-api"
  packages = ["."]
  revision = "eb2c6b5be1b66bab83016e0b05f01b8d5496ffbd"

[[projects]]
  name = "github.com/aws/aws-sdk-go"
  packages = [
    "aws",
    "aws/awserr",
    "aws/awsutil",
    "aws/client",
    "aws/client/metadata",
    "aws/credentials",
    "aws/endpoints",
    "aws/request",
    "aws/signer/v4",
    "internal/sdkio",
    "internal/sdkrand",
    "internal/shareddefaults",
    "private/protocol",
    "private/protocol/query",
    "private/protocol/query/queryutil",
    "private/protocol/rest",
    "private/protocol/xml/xmlutil",
    "service/cloudwatch",
    "service/cloudwatch/cloudwatchiface"
  ]
  revision = "827d8280a5c6590c21e2fc0a6a8b3242ee6e33f0"
  version = "v1.13.29"

[[projects]]
  branch = "master"
  name = "github.com/beorn7/perks"
  packages = ["quantile"]
  revision = "3a771d992973f24aa725d07868b467d1ddfceafb"

[[projects]]
  name = "github.com/bgentry/speakeasy"
  packages = ["."]
  revision = "4aabc24848ce5fd31929f7d1e4ea74d3709c14cd"
  version = "v0.1.0"

[[projects]]
  branch = "master"
  name = "github.com/btcsuite/btcd"
  packages = [
    "addrmgr",
    "blockchain",
    "blockchain/fullblocktests",
    "blockchain/indexers",
    "btcec",
    "btcjson",
    "chaincfg",
    "chaincfg/chainhash",
    "connmgr",
    "database",
    "database/ffldb",
    "database/internal/treap",
    "integration/rpctest",
    "limits",
    "mempool",
    "mining",
    "mining/cpuminer",
    "netsync",
    "peer",
    "rpcclient",
    "txscript",
    "wire"
  ]
  revision = "2be2f12b358dc57d70b8f501b00be450192efbc3"

[[projects]]
  branch = "master"
  name = "github.com/btcsuite/btclog"
  packages = ["."]
  revision = "84c8d2346e9fc8c7b947e243b9c24e6df9fd206a"

[[projects]]
  branch = "master"
  name = "github.com/btcsuite/btcutil"
  packages = [
    ".",
    "base58",
    "bech32",
    "bloom",
    "coinset",
    "hdkeychain",
    "txsort"
  ]
  revision = "501929d3d046174c3d39f0ea54ece471aa17238c"

[[projects]]
  branch = "master"
  name = "github.com/btcsuite/go-socks"
  packages = ["socks"]
  revision = "4720035b7bfd2a9bb130b1c184f8bbe41b6f0d0f"

[[projects]]
  branch = "master"
  name = "github.com/btcsuite/goleveldb"
  packages = [
    "leveldb",
    "leveldb/cache",
    "leveldb/comparer",
    "leveldb/errors",
    "leveldb/filter",
    "leveldb/iterator",
    "leveldb/journal",
    "leveldb/memdb",
    "leveldb/opt",
    "leveldb/storage",
    "leveldb/table",
    "leveldb/testutil",
    "leveldb/util"
  ]
  revision = "7834afc9e8cd15233b6c3d97e12674a31ca24602"

[[projects]]
  branch = "master"
  name = "github.com/btcsuite/snappy-go"
  packages = ["."]
  revision = "0bdef8d067237991ddaa1bb6072a740bc40601ba"

[[projects]]
  branch = "master"
  name = "github.com/btcsuite/websocket"
  packages = ["."]
  revision = "31079b6807923eb23992c421b114992b95131b55"

[[projects]]
  branch = "master"
  name = "github.com/btcsuite/winsvc"
  packages = [
    "eventlog",
    "mgr",
    "registry",
    "svc",
    "winapi"
  ]
  revision = "f8fb11f83f7e860e3769a08e6811d1b399a43722"

[[projects]]
  name = "github.com/cenkalti/backoff"
  packages = ["."]
  revision = "2ea60e5f094469f9e65adb9cd103795b73ae743e"
  version = "v2.0.0"

[[projects]]
  name = "github.com/clbanning/x2j"
  packages = ["."]
  revision = "8514236bc68ead794076e8ad386351dda45e69c4"
  version = "1.1"

[[projects]]
  branch = "master"
  name = "github.com/clipperhouse/typewriter"
  packages = ["."]
  revision = "c1a48da378ebb7db1db9f35981b5cc24bf2e5b85"

[[projects]]
  branch = "master"
  name = "github.com/codahale/hdrhistogram"
  packages = ["."]
  revision = "3a0bb77429bd3a61596f5e8a3172445844342120"

[[projects]]
  name = "github.com/coreos/etcd"
  packages = [
    "client",
    "pkg/pathutil",
    "pkg/srv",
    "pkg/types",
    "version"
  ]
  revision = "e348b1aedd9167360c466ae98f7343d3e22281f8"
  version = "v3.3.3"

[[projects]]
  name = "github.com/coreos/go-semver"
  packages = ["semver"]
  revision = "8ab6407b697782a06568d4b7f1db25550ec2e4c6"
  version = "v0.2.0"

[[projects]]
  name = "github.com/loomnetwork/test-sdk"
  packages = [
    "baseapp",
    "client",
    "client/builder",
    "client/keys",
    "client/lcd",
    "client/rpc",
    "client/tx",
    "examples/basecoin/app",
    "examples/basecoin/types",
    "examples/basecoin/x/cool",
    "examples/basecoin/x/cool/commands",
    "examples/basecoin/x/sketchy",
    "mock",
    "server",
    "store",
    "types",
    "version",
    "wire",
    "x/auth",
    "x/auth/commands",
    "x/auth/rest",
    "x/bank",
    "x/bank/commands",
    "x/bank/rest",
    "x/ibc",
    "x/ibc/commands",
    "x/staking",
    "x/staking/commands"
  ]
  revision = "6f9db78be1fd1b79adfbeba4c2d9a7506a0d1790"
  version = "v0.12.0"

[[projects]]
  name = "github.com/cpuguy83/go-md2man"
  packages = ["md2man"]
  revision = "20f5889cbdc3c73dbd2862796665e7c465ade7d1"
  version = "v1.0.8"

[[projects]]
  name = "github.com/davecgh/go-spew"
  packages = [
    "spew",
    "spew/testdata"
  ]
  revision = "346938d642f2ec3594ed81d874461961cd0faa76"
  version = "v1.1.0"

[[projects]]
  name = "github.com/dgrijalva/jwt-go"
  packages = ["."]
  revision = "06ea1031745cb8b3dab3f6a236daf2b0aa468b7e"
  version = "v3.2.0"

[[projects]]
  name = "github.com/eapache/go-resiliency"
  packages = ["breaker"]
  revision = "ea41b0fad31007accc7f806884dcdf3da98b79ce"
  version = "v1.1.0"

[[projects]]
  branch = "master"
  name = "github.com/eapache/go-xerial-snappy"
  packages = ["."]
  revision = "bb955e01b9346ac19dc29eb16586c90ded99a98c"

[[projects]]
  name = "github.com/eapache/queue"
  packages = ["."]
  revision = "44cc805cf13205b55f69e14bcb69867d1ae92f98"
  version = "v1.1.0"

[[projects]]
  branch = "master"
  name = "github.com/ebuchman/fail-test"
  packages = ["."]
  revision = "95f809107225be108efcf10a3509e4ea6ceef3c4"

[[projects]]
  branch = "master"
  name = "github.com/edsrzf/mmap-go"
  packages = ["."]
  revision = "0bce6a6887123b67a60366d2c9fe2dfb74289d2e"

[[projects]]
  name = "github.com/fortytw2/leaktest"
  packages = ["."]
  revision = "a5ef70473c97b71626b9abeda80ee92ba2a7de9e"
  version = "v1.2.0"

[[projects]]
  branch = "master"
  name = "github.com/franela/goreq"
  packages = ["."]
  revision = "bcd34c9993f899273c74baaa95e15386cd97b6e7"

[[projects]]
  name = "github.com/fsnotify/fsnotify"
  packages = ["."]
  revision = "c2828203cd70a50dcccfb2761f8b1f8ceef9a8e9"
  version = "v1.4.7"

[[projects]]
  name = "github.com/go-ini/ini"
  packages = ["."]
  revision = "5e9692864e22d02ac79e2fa499cffb00520b4fea"
  version = "v1.34.0"

[[projects]]
  name = "github.com/go-kit/kit"
  packages = [
    "circuitbreaker",
    "endpoint",
    "examples/addsvc/pb",
    "examples/addsvc/pkg/addendpoint",
    "examples/addsvc/pkg/addservice",
    "examples/addsvc/pkg/addtransport",
    "examples/addsvc/thrift/gen-go/addsvc",
    "examples/profilesvc",
    "examples/shipping/booking",
    "examples/shipping/cargo",
    "examples/shipping/handling",
    "examples/shipping/inmem",
    "examples/shipping/inspection",
    "examples/shipping/location",
    "examples/shipping/routing",
    "examples/shipping/tracking",
    "examples/shipping/voyage",
    "log",
    "log/deprecated_levels",
    "log/level",
    "log/term",
    "metrics",
    "metrics/discard",
    "metrics/dogstatsd",
    "metrics/expvar",
    "metrics/generic",
    "metrics/graphite",
    "metrics/influx",
    "metrics/internal/lv",
    "metrics/internal/ratemap",
    "metrics/prometheus",
    "metrics/statsd",
    "metrics/teststat",
    "ratelimit",
    "sd",
    "sd/consul",
    "sd/internal/instance",
    "sd/lb",
    "tracing/opentracing",
    "transport/grpc",
    "transport/grpc/_grpc_test",
    "transport/grpc/_grpc_test/pb",
    "transport/http",
    "transport/httprp",
    "util/conn"
  ]
  revision = "4dc7be5d2d12881735283bcab7352178e190fc71"
  version = "v0.6.0"

[[projects]]
  name = "github.com/go-logfmt/logfmt"
  packages = ["."]
  revision = "390ab7935ee28ec6b286364bba9b4dd6410cb3d5"
  version = "v0.3.0"

[[projects]]
  name = "github.com/go-stack/stack"
  packages = ["."]
  revision = "259ab82a6cad3992b4e21ff5cac294ccb06474bc"
  version = "v1.7.0"

[[projects]]
  name = "github.com/gogo/protobuf"
  packages = [
    "gogoproto",
    "io",
    "jsonpb",
    "jsonpb/jsonpb_test_proto",
    "plugin/compare",
    "plugin/defaultcheck",
    "plugin/description",
    "plugin/embedcheck",
    "plugin/enumstringer",
    "plugin/equal",
    "plugin/face",
    "plugin/gostring",
    "plugin/marshalto",
    "plugin/oneofcheck",
    "plugin/populate",
    "plugin/size",
    "plugin/stringer",
    "plugin/testgen",
    "plugin/union",
    "plugin/unmarshal",
    "proto",
    "proto/proto3_proto",
    "proto/testdata",
    "protoc-gen-gogo/descriptor",
    "protoc-gen-gogo/generator",
    "protoc-gen-gogo/grpc",
    "protoc-gen-gogo/plugin",
    "sortkeys",
    "test",
    "test/casttype",
    "test/combos/both",
    "test/custom",
    "test/custom-dash-type",
    "test/example",
    "test/importdedup/subpkg",
    "test/importduplicate/proto",
    "test/importduplicate/sortkeys",
    "test/indeximport-issue72/index",
    "test/issue312",
    "test/typedeclimport/subpkg",
    "types",
    "vanity",
    "vanity/command",
    "vanity/test/fast",
    "vanity/test/faster",
    "vanity/test/slick",
    "version"
  ]
  revision = "1adfc126b41513cc696b209667c8656ea7aac67c"
  version = "v1.0.0"

[[projects]]
  branch = "master"
  name = "github.com/golang/glog"
  packages = ["."]
  revision = "23def4e6c14b4da8ac2ed8007337bc5eb5007998"

[[projects]]
  name = "github.com/golang/mock"
  packages = ["gomock"]
  revision = "c34cdb4725f4c3844d095133c6e40e448b86589b"
  version = "v1.1.1"

[[projects]]
  name = "github.com/golang/protobuf"
  packages = [
    "descriptor",
    "jsonpb/jsonpb_test_proto",
    "proto",
    "proto/proto3_proto",
    "proto/testdata",
    "protoc-gen-go/descriptor",
    "protoc-gen-go/generator",
    "protoc-gen-go/grpc",
    "protoc-gen-go/plugin",
    "ptypes",
    "ptypes/any",
    "ptypes/duration",
    "ptypes/empty",
    "ptypes/struct",
    "ptypes/timestamp",
    "ptypes/wrappers"
  ]
  revision = "925541529c1fa6821df4e44ce2723319eb2be768"
  version = "v1.0.0"

[[projects]]
  branch = "master"
  name = "github.com/golang/snappy"
  packages = ["."]
  revision = "553a641470496b2327abcac10b36396bd98e45c9"

[[projects]]
  name = "github.com/googleapis/gax-go"
  packages = ["."]
  revision = "317e0006254c44a0ac427cc52a0e083ff0b9622f"
  version = "v2.0.0"

[[projects]]
  name = "github.com/gorilla/context"
  packages = ["."]
  revision = "1ea25387ff6f684839d82767c1733ff4d4d15d0a"
  version = "v1.1"

[[projects]]
  name = "github.com/gorilla/mux"
  packages = ["."]
  revision = "53c1911da2b537f792e7cafcb446b05ffe33b996"
  version = "v1.6.1"

[[projects]]
  name = "github.com/gorilla/websocket"
  packages = ["."]
  revision = "ea4d1f681babbce9545c9c5f3d5194a789c89f5b"
  version = "v1.2.0"

[[projects]]
  name = "github.com/hashicorp/consul"
  packages = ["api"]
  revision = "9a494b5fb9c86180a5702e29c485df1507a47198"
  version = "v1.0.6"

[[projects]]
  branch = "master"
  name = "github.com/hashicorp/go-cleanhttp"
  packages = ["."]
  revision = "d5fe4b57a186c716b0e00b8c301cbd9b4182694d"

[[projects]]
  branch = "master"
  name = "github.com/hashicorp/go-rootcerts"
  packages = ["."]
  revision = "6bb64b370b90e7ef1fa532be9e591a81c3493e00"

[[projects]]
  branch = "master"
  name = "github.com/hashicorp/hcl"
  packages = [
    ".",
    "hcl/ast",
    "hcl/parser",
    "hcl/printer",
    "hcl/scanner",
    "hcl/strconv",
    "hcl/token",
    "json/parser",
    "json/scanner",
    "json/token",
    "testhelper"
  ]
  revision = "f40e974e75af4e271d97ce0fc917af5898ae7bda"

[[projects]]
  branch = "master"
  name = "github.com/hashicorp/logutils"
  packages = ["."]
  revision = "0dc08b1671f34c4250ce212759ebd880f743d883"

[[projects]]
  name = "github.com/hashicorp/serf"
  packages = ["coordinate"]
  revision = "d6574a5bb1226678d7010325fb6c985db20ee458"
  version = "v0.8.1"

[[projects]]
  branch = "master"
  name = "github.com/howeyc/crc16"
  packages = ["."]
  revision = "2b2a61e366a66d3efb279e46176e7291001e0354"

[[projects]]
  name = "github.com/hudl/fargo"
  packages = ["."]
  revision = "14ced469f7dc175f6fbf9f55d799f9f12e302965"
  version = "1.3.1"

[[projects]]
  name = "github.com/inconshreveable/mousetrap"
  packages = ["."]
  revision = "76626ae9c91c4f2a10f34cad8ce83ea42c93bb75"
  version = "v1.0"

[[projects]]
  name = "github.com/influxdata/influxdb"
  packages = [
    "client/v2",
    "models",
    "pkg/escape"
  ]
  revision = "cdae4ccde4c67c3390d8ae8a1a06bd3b4cdce5c5"
  version = "v1.5.1"

[[projects]]
  name = "github.com/jessevdk/go-flags"
  packages = ["."]
  revision = "c6ca198ec95c841fdb89fc0de7496fed11ab854e"
  version = "v1.4.0"

[[projects]]
  name = "github.com/jmespath/go-jmespath"
  packages = ["."]
  revision = "0b12d6b5"

[[projects]]
  branch = "master"
  name = "github.com/jmhodges/levigo"
  packages = ["."]
  revision = "c42d9e0ca023e2198120196f842701bb4c55d7b9"

[[projects]]
  branch = "master"
  name = "github.com/jrick/logrotate"
  packages = ["rotator"]
  revision = "a93b200c26cbae3bb09dd0dc2c7c7fe1468a034a"

[[projects]]
  name = "github.com/juju/ratelimit"
  packages = ["."]
  revision = "59fac5042749a5afb9af70e813da1dd5474f0167"
  version = "1.0.1"

[[projects]]
  branch = "master"
  name = "github.com/kr/fs"
  packages = ["."]
  revision = "2788f0dbd16903de03cb8186e5c7d97b69ad387b"

[[projects]]
  branch = "master"
  name = "github.com/kr/logfmt"
  packages = ["."]
  revision = "b84e30acd515aadc4b783ad4ff83aff3299bdfe0"

[[projects]]
  name = "github.com/lightstep/lightstep-tracer-go"
  packages = [
    ".",
    "collectorpb",
    "lightstep_thrift",
    "lightsteppb",
    "thrift_0_9_2/lib/go/thrift"
  ]
  revision = "f9f54d495e5c6752b58fae6b66a5cb1107e17b29"
  version = "v0.15.2"

[[projects]]
  name = "github.com/magiconair/properties"
  packages = [
    ".",
    "assert"
  ]
  revision = "c3beff4c2358b44d0493c7dda585e7db7ff28ae6"
  version = "v1.7.6"

[[projects]]
  name = "github.com/mattn/go-isatty"
  packages = ["."]
  revision = "0360b2af4f38e8d38c7fce2a9f4e702702d73a39"
  version = "v0.0.3"

[[projects]]
  name = "github.com/matttproud/golang_protobuf_extensions"
  packages = ["pbutil"]
  revision = "3247c84500bff8d9fb6d579d800f20b3e091582c"
  version = "v1.0.0"

[[projects]]
  name = "github.com/miekg/dns"
  packages = ["."]
  revision = "83c435cc65d2862736428b9b4d07d0ab10ad3e4d"
  version = "v1.0.5"

[[projects]]
  branch = "master"
  name = "github.com/mitchellh/go-homedir"
  packages = ["."]
  revision = "b8bc1bf767474819792c23f32d8286a45736f1c6"

[[projects]]
  branch = "master"
  name = "github.com/mitchellh/mapstructure"
  packages = ["."]
  revision = "00c29f56e2386353d58c599509e8dc3801b0d716"

[[projects]]
  name = "github.com/oklog/oklog"
  packages = ["pkg/group"]
  revision = "e3ad1c411c27b4bc18c5facb9331820d141a5a54"
  version = "v0.3.2"

[[projects]]
  name = "github.com/oklog/run"
  packages = ["."]
  revision = "4dadeb3030eda0273a12382bb2348ffc7c9d1a39"
  version = "v1.0.0"

[[projects]]
  name = "github.com/onsi/ginkgo"
  packages = [
    ".",
    "config",
    "internal/codelocation",
    "internal/containernode",
    "internal/failer",
    "internal/leafnodes",
    "internal/remote",
    "internal/spec",
    "internal/spec_iterator",
    "internal/specrunner",
    "internal/suite",
    "internal/testingtproxy",
    "internal/writer",
    "reporters",
    "reporters/stenographer",
    "reporters/stenographer/support/go-colorable",
    "reporters/stenographer/support/go-isatty",
    "types"
  ]
  revision = "9eda700730cba42af70d53180f9dcce9266bc2bc"
  version = "v1.4.0"

[[projects]]
  name = "github.com/onsi/gomega"
  packages = [
    ".",
    "format",
    "internal/assertion",
    "internal/asyncassertion",
    "internal/oraclematcher",
    "internal/testingtsupport",
    "matchers",
    "matchers/support/goraph/bipartitegraph",
    "matchers/support/goraph/edge",
    "matchers/support/goraph/node",
    "matchers/support/goraph/util",
    "types"
  ]
  revision = "003f63b7f4cff3fc95357005358af2de0f5fe152"
  version = "v1.3.0"

[[projects]]
  name = "github.com/op/go-logging"
  packages = ["."]
  revision = "b2cb9fa56473e98db8caba80237377e83fe44db5"
  version = "v1"

[[projects]]
  branch = "master"
  name = "github.com/opentracing-contrib/go-observer"
  packages = ["."]
  revision = "a52f2342449246d5bcc273e65cbdcfa5f7d6c63c"

[[projects]]
  name = "github.com/opentracing/basictracer-go"
  packages = [
    ".",
    "wire"
  ]
  revision = "1b32af207119a14b1b231d451df3ed04a72efebf"
  version = "v1.0.0"

[[projects]]
  name = "github.com/opentracing/opentracing-go"
  packages = [
    ".",
    "ext",
    "log",
    "mocktracer"
  ]
  revision = "1949ddbfd147afd4d964a9f00b24eb291e0e7c38"
  version = "v1.0.2"

[[projects]]
  name = "github.com/openzipkin/zipkin-go-opentracing"
  packages = [
    ".",
    "flag",
    "thrift/gen-go/scribe",
    "thrift/gen-go/zipkincore",
    "types",
    "wire"
  ]
  revision = "4c9fbcbd6d73a644fd17214fe475296780c68fb5"
  version = "v0.3.3"

[[projects]]
  name = "github.com/pact-foundation/pact-go"
  packages = [
    "dsl",
    "types",
    "utils"
  ]
  revision = "8bad006dad5ac1fb1163c3482a47239b122c12ae"
  version = "v0.0.12"

[[projects]]
  name = "github.com/pborman/uuid"
  packages = ["."]
  revision = "e790cca94e6cc75c7064b1332e63811d4aae1a53"
  version = "v1.1"

[[projects]]
  name = "github.com/pelletier/go-toml"
  packages = ["."]
  revision = "acdc4509485b587f5e675510c4f2c63e90ff68a8"
  version = "v1.1.0"

[[projects]]
  name = "github.com/performancecopilot/speed"
  packages = [
    ".",
    "bytewriter"
  ]
  revision = "839069a3ed70162d3bcefb9891c8ca852d877c1c"
  version = "v3.0.0"

[[projects]]
  name = "github.com/pierrec/lz4"
  packages = ["."]
  revision = "2fcda4cb7018ce05a25959d2fe08c83e3329f169"
  version = "v1.1"

[[projects]]
  name = "github.com/pierrec/xxHash"
  packages = ["xxHash32"]
  revision = "f051bb7f1d1aaf1b5a665d74fb6b0217712c69f7"
  version = "v0.1.1"

[[projects]]
  name = "github.com/pkg/errors"
  packages = ["."]
  revision = "645ef00459ed84a119197bfb8d8205042c6df63d"
  version = "v0.8.0"

[[projects]]
  name = "github.com/pkg/sftp"
  packages = ["."]
  revision = "43ec6c679d353f6e077d3965dc74f6d996eb4a09"
  version = "1.5.1"

[[projects]]
  name = "github.com/pmezard/go-difflib"
  packages = ["difflib"]
  revision = "792786c7400a136282c1664665ae0a8db921c6c2"
  version = "v1.0.0"

[[projects]]
  name = "github.com/prometheus/client_golang"
  packages = [
    "prometheus",
    "prometheus/promhttp"
  ]
  revision = "c5b7fccd204277076155f10851dad72b76a49317"
  version = "v0.8.0"

[[projects]]
  branch = "master"
  name = "github.com/prometheus/client_model"
  packages = ["go"]
  revision = "99fa1f4be8e564e8a6b613da7fa6f46c9edafc6c"

[[projects]]
  branch = "master"
  name = "github.com/prometheus/common"
  packages = [
    "expfmt",
    "internal/bitbucket.org/ww/goautoneg",
    "model"
  ]
  revision = "38c53a9f4bfcd932d1b00bfc65e256a7fba6b37a"

[[projects]]
  branch = "master"
  name = "github.com/prometheus/procfs"
  packages = [
    ".",
    "internal/util",
    "nfs",
    "xfs"
  ]
  revision = "780932d4fbbe0e69b84c34c20f5c8d0981e109ea"

[[projects]]
  branch = "master"
  name = "github.com/rcrowley/go-metrics"
  packages = ["."]
  revision = "8732c616f52954686704c8645fe1a9d59e9df7c1"

[[projects]]
  name = "github.com/russross/blackfriday"
  packages = ["."]
  revision = "55d61fa8aa702f59229e6cff85793c22e580eaf5"
  version = "v1.5.1"

[[projects]]
  branch = "master"
  name = "github.com/samuel/go-zookeeper"
  packages = ["zk"]
  revision = "c4fab1ac1bec58281ad0667dc3f0907a9476ac47"

[[projects]]
  name = "github.com/sony/gobreaker"
  packages = ["."]
  revision = "e9556a45379ef1da12e54847edb2fb3d7d566f36"
  version = "0.3.0"

[[projects]]
  name = "github.com/spf13/afero"
  packages = [
    ".",
    "mem"
  ]
  revision = "bb8f1927f2a9d3ab41c9340aa034f6b803f4359c"
  version = "v1.0.2"

[[projects]]
  name = "github.com/spf13/cast"
  packages = ["."]
  revision = "8965335b8c7107321228e3e3702cab9832751bac"
  version = "v1.2.0"

[[projects]]
  name = "github.com/spf13/cobra"
  packages = [
    ".",
    "cobra/cmd",
    "doc"
  ]
  revision = "7b2c5ac9fc04fc5efafb60700713d4fa609b777b"
  version = "v0.0.1"

[[projects]]
  branch = "master"
  name = "github.com/spf13/jwalterweatherman"
  packages = ["."]
  revision = "7c0cea34c8ece3fbeb2b27ab9b59511d360fb394"

[[projects]]
  name = "github.com/spf13/pflag"
  packages = ["."]
  revision = "e57e3eeb33f795204c1ca35f56c44f83227c6e66"
  version = "v1.0.0"

[[projects]]
  name = "github.com/spf13/viper"
  packages = ["."]
  revision = "b5e8006cbee93ec955a89ab31e0e3ce3204f3736"
  version = "v1.0.2"

[[projects]]
  branch = "master"
  name = "github.com/stathat/go"
  packages = ["."]
  revision = "74669b9f388d9d788c97399a0824adbfee78400e"

[[projects]]
  branch = "master"
  name = "github.com/streadway/handy"
  packages = ["breaker"]
  revision = "f450267a206e480d863d2a92846a40f6e2896b2a"

[[projects]]
  name = "github.com/stretchr/objx"
  packages = ["."]
  revision = "facf9a85c22f48d2f52f2380e4efce1768749a89"
  version = "v0.1"

[[projects]]
  name = "github.com/stretchr/testify"
  packages = [
    "assert",
    "http",
    "mock",
    "require"
  ]
  revision = "12b6f73e6084dad08a7c6e575284b177ecafbc71"
  version = "v1.2.1"

[[projects]]
  branch = "master"
  name = "github.com/syndtr/goleveldb"
  packages = [
    "leveldb",
    "leveldb/cache",
    "leveldb/comparer",
    "leveldb/errors",
    "leveldb/filter",
    "leveldb/iterator",
    "leveldb/journal",
    "leveldb/memdb",
    "leveldb/opt",
    "leveldb/storage",
    "leveldb/table",
    "leveldb/testutil",
    "leveldb/util"
  ]
  revision = "169b1b37be738edb2813dab48c97a549bcf99bb5"

[[projects]]
  name = "github.com/tendermint/abci"
  packages = [
    "client",
    "example/code",
    "example/counter",
    "example/kvstore",
    "server",
    "tests/server",
    "types",
    "version"
  ]
  revision = "46686763ba8ea595ede16530ed4a40fb38f49f94"
  version = "v0.10.2"

[[projects]]
  branch = "master"
  name = "github.com/tendermint/ed25519"
  packages = [
    ".",
    "edwards25519",
    "extra25519"
  ]
  revision = "d8387025d2b9d158cf4efb07e7ebf814bcce2057"

[[projects]]
  name = "github.com/tendermint/go-crypto"
  packages = [
    ".",
    "keys",
    "keys/bcrypt",
    "keys/words",
    "keys/words/wordlist"
  ]
  revision = "c3e19f3ea26f5c3357e0bcbb799b0761ef923755"
  version = "v0.5.0"

[[projects]]
  name = "github.com/tendermint/go-wire"
  packages = [
    ".",
    "data",
    "data/base58",
    "expr",
    "nowriter/tmdecoding",
    "nowriter/tmencoding",
    "nowriter/tmlegacy",
    "nowriter/tmvarint"
  ]
  revision = "fa721242b042ecd4c6ed1a934ee740db4f74e45c"
  source = "github.com/tendermint/go-amino"
  version = "v0.7.3"

[[projects]]
  name = "github.com/tendermint/iavl"
  packages = ["."]
  revision = "fd37a0fa3a7454423233bc3d5ea828f38e0af787"
  version = "v0.7.0"

[[projects]]
  name = "github.com/tendermint/tendermint"
  packages = [
    "benchmarks/proto",
    "blockchain",
    "cmd/tendermint/commands",
    "config",
    "consensus",
    "consensus/types",
    "evidence",
    "lite",
    "lite/client",
    "lite/errors",
    "lite/files",
    "lite/proxy",
    "mempool",
    "node",
    "p2p",
    "p2p/conn",
    "p2p/dummy",
    "p2p/pex",
    "p2p/trust",
    "p2p/upnp",
    "proxy",
    "rpc/client",
    "rpc/client/mock",
    "rpc/core",
    "rpc/core/types",
    "rpc/grpc",
    "rpc/lib",
    "rpc/lib/client",
    "rpc/lib/server",
    "rpc/lib/types",
    "rpc/test",
    "state",
    "state/txindex",
    "state/txindex/kv",
    "state/txindex/null",
    "types",
    "types/priv_validator",
    "version",
    "wire"
  ]
  revision = "6f9956990c444d53f62f2a3905ed410cfe9afe77"
  version = "v0.17.1"

[[projects]]
  name = "github.com/tendermint/tmlibs"
  packages = [
    "autofile",
    "cli",
    "cli/flags",
    "clist",
    "common",
    "db",
    "flowrate",
    "log",
    "merkle",
    "pubsub",
    "pubsub/query",
    "test"
  ]
  revision = "24da7009c3d8c019b40ba4287495749e3160caca"
  version = "v0.7.1"

[[projects]]
  branch = "master"
  name = "github.com/tyler-smith/go-bip39"
  packages = ["."]
  revision = "8e7a99b3e716f36d3b080a9a70f9eb45abe4edcc"

[[projects]]
  name = "github.com/ugorji/go"
  packages = ["codec"]
  revision = "9831f2c3ac1068a78f50999a30db84270f647af6"
  version = "v1.1"

[[projects]]
  branch = "master"
  name = "github.com/xordataexchange/crypt"
  packages = [
    "backend",
    "backend/consul",
    "backend/etcd",
    "config",
    "encoding/secconf"
  ]
  revision = "b2862e3d0a775f18c7cfe02273500ae307b61218"

[[projects]]
  name = "go.opencensus.io"
  packages = [
    "exporter/stackdriver/propagation",
    "internal",
    "internal/tagencoding",
    "plugin/ochttp",
    "plugin/ochttp/propagation/b3",
    "stats",
    "stats/internal",
    "stats/view",
    "tag",
    "trace",
    "trace/propagation"
  ]
  revision = "076344b67ac19bcb8096c4b12440c3cf92ac3927"
  version = "v0.7.0"

[[projects]]
  branch = "master"
  name = "go4.org"
  packages = ["syncutil/singleflight"]
  revision = "12aee241e64e68a7ceffb342f85290bc3d69d083"

[[projects]]
  branch = "master"
  name = "golang.org/x/build"
  packages = ["autocertcache"]
  revision = "0008c9638d275a276277a6e0e3b047d350211296"

[[projects]]
  branch = "master"
  name = "golang.org/x/crypto"
  packages = [
    "acme",
    "acme/autocert",
    "bcrypt",
    "blake2b",
    "blowfish",
    "cast5",
    "curve25519",
    "ed25519",
    "ed25519/internal/edwards25519",
    "internal/chacha20",
    "nacl/auth",
    "nacl/box",
    "nacl/secretbox",
    "openpgp",
    "openpgp/armor",
    "openpgp/elgamal",
    "openpgp/errors",
    "openpgp/packet",
    "openpgp/s2k",
    "pbkdf2",
    "pkcs12/internal/rc2",
    "poly1305",
    "ripemd160",
    "salsa20/salsa",
    "ssh",
    "ssh/terminal"
  ]
  revision = "88942b9c40a4c9d203b82b3731787b672d6e809b"

[[projects]]
  branch = "master"
  name = "golang.org/x/net"
  packages = [
    "bpf",
    "context",
    "context/ctxhttp",
    "dns/dnsmessage",
    "html",
    "html/atom",
    "html/charset",
    "http/httpproxy",
    "http2",
    "http2/hpack",
    "idna",
    "internal/iana",
    "internal/nettest",
    "internal/socket",
    "internal/timeseries",
    "ipv4",
    "ipv6",
    "lex/httplex",
    "trace"
  ]
  revision = "6078986fec03a1dcc236c34816c71b0e05018fda"

[[projects]]
  branch = "master"
  name = "golang.org/x/oauth2"
  packages = [
    ".",
    "google",
    "internal",
    "jws",
    "jwt"
  ]
  revision = "921ae394b9430ed4fb549668d7b087601bd60a81"

[[projects]]
  branch = "master"
  name = "golang.org/x/sync"
  packages = ["errgroup"]
  revision = "1d60e4601c6fd243af51cc01ddf169918a5407ca"

[[projects]]
  branch = "master"
  name = "golang.org/x/sys"
  packages = [
    "unix",
    "windows",
    "windows/registry",
    "windows/svc",
    "windows/svc/debug",
    "windows/svc/eventlog",
    "windows/svc/mgr"
  ]
  revision = "13d03a9a82fba647c21a0ef8fba44a795d0f0835"

[[projects]]
  name = "golang.org/x/text"
  packages = [
    "cmd/gotext/examples/extract_http/pkg",
    "collate",
    "collate/build",
    "encoding",
    "encoding/charmap",
    "encoding/htmlindex",
    "encoding/ianaindex",
    "encoding/internal",
    "encoding/internal/identifier",
    "encoding/japanese",
    "encoding/korean",
    "encoding/simplifiedchinese",
    "encoding/traditionalchinese",
    "encoding/unicode",
    "feature/plural",
    "internal",
    "internal/catmsg",
    "internal/cldrtree",
    "internal/colltab",
    "internal/format",
    "internal/gen",
    "internal/number",
    "internal/stringset",
    "internal/tag",
    "internal/testtext",
    "internal/triegen",
    "internal/ucd",
    "internal/utf8internal",
    "language",
    "message",
    "message/catalog",
    "message/pipeline",
    "number",
    "runes",
    "secure/bidirule",
    "transform",
    "unicode/bidi",
    "unicode/cldr",
    "unicode/norm",
    "unicode/rangetable",
    "unicode/runenames"
  ]
  revision = "f21a4dfb5e38f5895301dc265a8def02365cc3d0"
  version = "v0.3.0"

[[projects]]
  branch = "master"
  name = "golang.org/x/time"
  packages = ["rate"]
  revision = "26559e0f760e39c24d730d3224364aef164ee23f"

[[projects]]
  branch = "master"
  name = "golang.org/x/tools"
  packages = [
    "go/ast/astutil",
    "go/buildutil",
    "go/loader",
    "imports"
  ]
  revision = "ac136b6c2db7c4d43955e4bc7174db36dc0539c0"

[[projects]]
  branch = "master"
  name = "google.golang.org/api"
  packages = [
    "compute/v1",
    "gensupport",
    "googleapi",
    "googleapi/internal/uritemplates",
    "googleapi/transport",
    "internal",
    "iterator",
    "option",
    "storage/v1",
    "transport/http"
  ]
  revision = "3097bf831ede4a24e08a3316254e29ca726383e3"

[[projects]]
  name = "google.golang.org/appengine"
  packages = [
    ".",
    "internal",
    "internal/app_identity",
    "internal/base",
    "internal/datastore",
    "internal/log",
    "internal/modules",
    "internal/remote_api",
    "internal/urlfetch",
    "urlfetch"
  ]
  revision = "150dc57a1b433e64154302bdc40b6bb8aefa313a"
  version = "v1.0.0"

[[projects]]
  branch = "master"
  name = "google.golang.org/genproto"
  packages = [
    "googleapis/api",
    "googleapis/api/annotations",
    "googleapis/api/configchange",
    "googleapis/api/distribution",
    "googleapis/api/httpbody",
    "googleapis/api/label",
    "googleapis/api/metric",
    "googleapis/api/monitoredres",
    "googleapis/api/serviceconfig",
    "googleapis/cloud/audit",
    "googleapis/cloud/oslogin/common",
    "googleapis/cloud/support/common",
    "googleapis/devtools/source/v1",
    "googleapis/iam/v1",
    "googleapis/logging/type",
    "googleapis/longrunning",
    "googleapis/rpc/code",
    "googleapis/rpc/errdetails",
    "googleapis/rpc/status",
    "googleapis/type/color",
    "googleapis/type/date",
    "googleapis/type/dayofweek",
    "googleapis/type/latlng",
    "googleapis/type/money",
    "googleapis/type/timeofday",
    "protobuf/api",
    "protobuf/field_mask",
    "protobuf/ptype",
    "protobuf/source_context"
  ]
  revision = "ab0870e398d5dd054b868c0db1481ab029b9a9f2"

[[projects]]
  name = "google.golang.org/grpc"
  packages = [
    ".",
    "balancer",
    "balancer/roundrobin",
    "benchmark",
    "benchmark/grpc_testing",
    "benchmark/latency",
    "benchmark/stats",
    "codes",
    "connectivity",
    "credentials",
    "credentials/oauth",
    "examples/helloworld/helloworld",
    "examples/helloworld/mock_helloworld",
    "examples/route_guide/mock_routeguide",
    "examples/route_guide/routeguide",
    "grpclb/grpc_lb_v1/messages",
    "grpclb/grpc_lb_v1/service",
    "grpclog",
    "grpclog/glogger",
    "health",
    "health/grpc_health_v1",
    "internal",
    "interop",
    "interop/grpc_testing",
    "keepalive",
    "metadata",
    "naming",
    "peer",
    "reflection",
    "reflection/grpc_reflection_v1alpha",
    "resolver",
    "resolver/manual",
    "resolver/passthrough",
    "stats",
    "status",
    "stress/grpc_testing",
    "tap",
    "test/grpc_testing",
    "test/leakcheck",
    "testdata",
    "transport"
  ]
  revision = "5b3c4e850e90a4cf6a20ebd46c8b32a0a3afcb9e"
  version = "v1.7.5"

[[projects]]
  branch = "v1"
  name = "gopkg.in/check.v1"
  packages = ["."]
  revision = "20d25e2804050c1cd24a7eea1e7a6447dd0e74ec"

[[projects]]
  name = "gopkg.in/gcfg.v1"
  packages = [
    ".",
    "scanner",
    "token",
    "types"
  ]
  revision = "f02745ab41b9d54a9d495f3356e76f7396da404c"
  version = "v1.2.2"

[[projects]]
  name = "gopkg.in/warnings.v0"
  packages = ["."]
  revision = "ec4a0fea49c7b46c2aeb0b51aac55779c607e52b"
  version = "v0.1.2"

[[projects]]
  name = "gopkg.in/yaml.v2"
  packages = ["."]
  revision = "86f5ed62f8a0ee96bd888d2efdfd6d4fb100a4eb"
  version = "v2.2.0"

[[projects]]
  branch = "master"
  name = "sourcegraph.com/sourcegraph/appdash"
  packages = [
    ".",
    "internal/wire",
    "opentracing"
  ]
  revision = "2cc67fd647551af94593ecaaa89fe4e5b2940a3e"

[solve-meta]
  analyzer-name = "dep"
  analyzer-version = 1
  inputs-digest = "df233897419490e92108881a299f66c976cdde49af464a83edec91b394fecb7d"
  solver-name = "gps-cdcl"
  solver-version = 1
