# This file is autogenerated, do not edit; changes may be undone by the next 'dep ensure'.


[[projects]]
  digest = "1:9f3b30d9f8e0d7040f729b82dcbc8f0dead820a133b3147ce355fc451f32d761"
  name = "github.com/BurntSushi/toml"
  packages = ["."]
  pruneopts = "UT"
  revision = "3012a1dbe2e4bd1391d42b32f0577cb7bbc7f005"
  version = "v0.3.1"

[[projects]]
  digest = "1:f96ba6ecca7ba87b1dddd70ae38cfc4ce5ea844f58d1f728e121d2e29cdfb8a2"
  name = "github.com/allegro/bigcache"
  packages = [
    ".",
    "queue",
  ]
  pruneopts = "UT"
  revision = "84a0ff3f153cbd7e280a19029a864bb04b504e62"

[[projects]]
  digest = "1:0839570758d2b8c05764c03b216c3edb66e9fa3c723bfef6900bbe468c12a998"
  name = "github.com/binance-chain/go-sdk"
  packages = [
    "common",
    "common/bech32",
    "common/ledger",
    "common/types",
    "common/uuid",
    "keys",
    "types/msg",
    "types/tx",
  ]
  pruneopts = "UT"
  revision = "6442ea117b3a3984b76d02eeab73a1fefd1b63da"
  version = "v1.0.4"

[[projects]]
  digest = "1:c14bdb83fff0655bd6d3958aacb8a5cb147c9081761d86023ba936dae7014458"
  name = "github.com/binance-chain/ledger-cosmos-go"
  packages = ["."]
  pruneopts = "UT"
  revision = "af771e468374cca2f6b3309ecc548ee8c70efb17"
  version = "v0.9.9"

[[projects]]
  branch = "master"
  digest = "1:78097abc20f73ec968b3f67bf74deda55009caa4b801d0d04f36145c869ab3c3"
  name = "github.com/cevaris/ordered_map"
  packages = ["."]
  pruneopts = "UT"
  revision = "0efaee1733e3399a3cb88fc7d2ce340bf2e863d7"

[[projects]]
  branch = "master"
  digest = "1:0427cfa11785c899dfe0ea6987bc0c9dea61647f6bb3987163d62c867f1cad6a"
  name = "github.com/cosmos/go-bip39"
  packages = ["."]
  pruneopts = "UT"
  revision = "555e2067c45d9fcd7292bf3b8e732bc10ac8c58e"

[[projects]]
  digest = "1:ffe9824d294da03b391f44e1ae8281281b4afc1bdaa9588c9097785e3af10cec"
  name = "github.com/davecgh/go-spew"
  packages = ["spew"]
  pruneopts = "UT"
  revision = "8991bc29aa16c548c550c7ff78260e27b9ab7c73"
  version = "v1.1.1"

[[projects]]
  digest = "1:abeb38ade3f32a92943e5be54f55ed6d6e3b6602761d74b4aab4c9dd45c18abd"
  name = "github.com/fsnotify/fsnotify"
  packages = ["."]
  pruneopts = "UT"
  revision = "c2828203cd70a50dcccfb2761f8b1f8ceef9a8e9"
  version = "v1.4.7"

[[projects]]
  digest = "1:4062bc6de62d73e2be342243cf138cf499b34d558876db8d9430e2149388a4d8"
  name = "github.com/go-logfmt/logfmt"
  packages = ["."]
  pruneopts = "UT"
  revision = "07c9b44f60d7ffdfb7d8efe1ad539965737836dc"
  version = "v0.4.0"

[[projects]]
  digest = "1:94ade222e87405ccc2ec6ad02d230f28949a1c1b7f73bd3a518e7ac6b1a6c64a"
  name = "github.com/golang/protobuf"
  packages = [
    "proto",
    "ptypes/timestamp",
  ]
  pruneopts = "UT"
  revision = "b4deda0973fb4c70b50d226b1af49f3da59f5265"
  version = "v1.1.0"

[[projects]]
  branch = "master"
  digest = "1:4a0c6bb4805508a6287675fac876be2ac1182539ca8a32468d8128882e9d5009"
  name = "github.com/golang/snappy"
  packages = ["."]
  pruneopts = "UT"
  revision = "2e65f85255dbc3072edf28d6b5b8efc472979f5a"

[[projects]]
  digest = "1:38ec74012390146c45af1f92d46e5382b50531247929ff3a685d2b2be65155ac"
  name = "github.com/gomodule/redigo"
  packages = [
    "internal",
    "redis",
  ]
  pruneopts = "UT"
  revision = "9c11da706d9b7902c6da69c592f75637793fe121"
  version = "v2.0.0"

[[projects]]
  digest = "1:7b5c6e2eeaa9ae5907c391a91c132abfd5c9e8a784a341b5625e750c67e6825d"
  name = "github.com/gorilla/websocket"
  packages = ["."]
  pruneopts = "UT"
  revision = "66b9c49e59c6c48f0ffce28c2d8b8a5678502c6d"
  version = "v1.4.0"

[[projects]]
  digest = "1:8ec8d88c248041a6df5f6574b87bc00e7e0b493881dad2e7ef47b11dc69093b5"
  name = "github.com/hashicorp/golang-lru"
  packages = [
    ".",
    "simplelru",
  ]
  pruneopts = "UT"
  revision = "20f1fb78b0740ba8c3cb143a61e86ba5c8669768"

[[projects]]
  digest = "1:c0d19ab64b32ce9fe5cf4ddceba78d5bc9807f0016db6b1183599da3dcc24d10"
  name = "github.com/hashicorp/hcl"
  packages = [
    ".",
    "hcl/ast",
    "hcl/parser",
    "hcl/printer",
    "hcl/scanner",
    "hcl/strconv",
    "hcl/token",
    "json/parser",
    "json/scanner",
    "json/token",
  ]
  pruneopts = "UT"
  revision = "8cb6e5b959231cc1119e43259c4a608f9c51a241"
  version = "v1.0.0"

[[projects]]
  branch = "master"
  digest = "1:a64e323dc06b73892e5bb5d040ced475c4645d456038333883f58934abbf6f72"
  name = "github.com/kr/logfmt"
  packages = ["."]
  pruneopts = "UT"
  revision = "b84e30acd515aadc4b783ad4ff83aff3299bdfe0"

[[projects]]
  branch = "master"
  digest = "1:3d71996594377f5010626a5e616690156254876ee131e1ed0293f58ca33e3456"
  name = "github.com/loomnetwork/mamamerkle"
  packages = ["."]
  pruneopts = "UT"
  revision = "bd379c19d9638c72aea2c79b4ac0b973561e1783"

[[projects]]
  digest = "1:c568d7727aa262c32bdf8a3f7db83614f7af0ed661474b24588de635c20024c7"
  name = "github.com/magiconair/properties"
  packages = ["."]
  pruneopts = "UT"
  revision = "c2353362d570a7bfa228149c62842019201cfb71"
  version = "v1.8.0"

[[projects]]
  digest = "1:53bc4cd4914cd7cd52139990d5170d6dc99067ae31c56530621b18b35fc30318"
  name = "github.com/mitchellh/mapstructure"
  packages = ["."]
  pruneopts = "UT"
  revision = "3536a929edddb9a5b34bd6861dc4a9647cb459fe"
  version = "v1.1.2"

[[projects]]
  digest = "1:95741de3af260a92cc5c7f3f3061e85273f5a81b5db20d4bd68da74bd521675e"
  name = "github.com/pelletier/go-toml"
  packages = ["."]
  pruneopts = "UT"
  revision = "c01d1270ff3e442a8a57cddc1c92dc1138598194"
  version = "v1.2.0"

[[projects]]
  branch = "master"
  digest = "1:ca5353de69bc848c103d4bcd3f7f2b66b771d413effe53e3ef611822ba991b9e"
  name = "github.com/phonkee/go-pubsub"
  packages = ["."]
  pruneopts = "UT"
  revision = "2d1454660ed19fb51b4a570b5371067ceb4533dc"
  source = "https://github.com/loomnetwork/go-pubsub.git"

[[projects]]
  digest = "1:40e195917a951a8bf867cd05de2a46aaf1806c50cf92eebf4c16f78cd196f747"
  name = "github.com/pkg/errors"
  packages = ["."]
  pruneopts = "UT"
  revision = "645ef00459ed84a119197bfb8d8205042c6df63d"
  version = "v0.8.0"

[[projects]]
  digest = "1:0028cb19b2e4c3112225cd871870f2d9cf49b9b4276531f03438a88e94be86fe"
  name = "github.com/pmezard/go-difflib"
  packages = ["difflib"]
  pruneopts = "UT"
  revision = "792786c7400a136282c1664665ae0a8db921c6c2"
  version = "v1.0.0"

[[projects]]
  digest = "1:c26190a2fc1f9b2a760195476b64d1dc4b4ff44a1698b0ae37c29891eaf0209f"
  name = "github.com/posener/wstest"
  packages = ["."]
  pruneopts = "UT"
  revision = "04b166ca0bf1313d8abf8625b59c5979c7bc59a2"
  version = "v1.1"

[[projects]]
  digest = "1:c4556a44e350b50a490544d9b06e9fba9c286c21d6c0e47f54f3a9214597298c"
  name = "github.com/rcrowley/go-metrics"
  packages = ["."]
  pruneopts = "UT"
  revision = "e2704e165165ec55d062f5919b4b29494e9fa790"

[[projects]]
  digest = "1:b0c25f00bad20d783d259af2af8666969e2fc343fa0dc9efe52936bbd67fb758"
  name = "github.com/rs/cors"
  packages = ["."]
  pruneopts = "UT"
  revision = "9a47f48565a795472d43519dd49aac781f3034fb"
  version = "v1.6.0"

[[projects]]
  digest = "1:6a4a11ba764a56d2758899ec6f3848d24698d48442ebce85ee7a3f63284526cd"
  name = "github.com/spf13/afero"
  packages = [
    ".",
    "mem",
  ]
  pruneopts = "UT"
  revision = "d40851caa0d747393da1ffb28f7f9d8b4eeffebd"
  version = "v1.1.2"

[[projects]]
  digest = "1:08d65904057412fc0270fc4812a1c90c594186819243160dc779a402d4b6d0bc"
  name = "github.com/spf13/cast"
  packages = ["."]
  pruneopts = "UT"
  revision = "8c9545af88b134710ab1cd196795e7f2388358d7"
  version = "v1.3.0"

[[projects]]
  digest = "1:68ea4e23713989dc20b1bded5d9da2c5f9be14ff9885beef481848edd18c26cb"
  name = "github.com/spf13/jwalterweatherman"
  packages = ["."]
  pruneopts = "UT"
  revision = "4a4406e478ca629068e7768fc33f3f044173c0a6"
  version = "v1.0.0"

[[projects]]
  digest = "1:ba07ec7953d565ac57a11b123a3bf0c8e848f2c7f637fccb0f9ce4f9e489d69a"
  name = "github.com/spf13/viper"
  packages = ["."]
  pruneopts = "UT"
  revision = "a1b837276271029e31f796ae5d03ba9ffb017244"
  version = "v1.0.3"

[[projects]]
  digest = "1:5110e3d4f130772fd39e6ce8208ad1955b242ccfcc8ad9d158857250579c82f4"
  name = "github.com/stretchr/testify"
  packages = [
    "assert",
    "require",
    "suite",
  ]
  pruneopts = "UT"
  revision = "f35b8ab0b5a2cef36673838d662e249dd9c94686"
  version = "v1.2.2"

[[projects]]
  branch = "master"
  digest = "1:685fdfea42d825ebd39ee0994354b46c374cf2c2b2d97a41a8dee1807c6a9b62"
  name = "github.com/syndtr/goleveldb"
  packages = [
    "leveldb",
    "leveldb/cache",
    "leveldb/comparer",
    "leveldb/errors",
    "leveldb/filter",
    "leveldb/iterator",
    "leveldb/journal",
    "leveldb/memdb",
    "leveldb/opt",
    "leveldb/storage",
    "leveldb/table",
    "leveldb/util",
  ]
  pruneopts = "UT"
  revision = "b001fa50d6b27f3f0bb175a87d0cb55426d0a0ae"

[[projects]]
  digest = "1:605b6546f3f43745695298ec2d342d3e952b6d91cdf9f349bea9315f677d759f"
  name = "github.com/tendermint/btcd"
  packages = ["btcec"]
  pruneopts = "UT"
  revision = "e5840949ff4fff0c56f9b6a541e22b63581ea9df"

[[projects]]
  digest = "1:10b3a599325740c84a7c81f3f3cb2e1fdb70b3ea01b7fa28495567a2519df431"
  name = "github.com/tendermint/go-amino"
  packages = ["."]
  pruneopts = "UT"
  revision = "6dcc6ddc143e116455c94b25c1004c99e0d0ca12"
  version = "v0.14.0"

[[projects]]
  branch = "multi-mutex-nodedb"
  digest = "1:c463c5a9951f564b1a7713406a7b0655d7964d234bca6d7d0fbb2789be55ce51"
  name = "github.com/tendermint/iavl"
  packages = ["."]
  pruneopts = "UT"
  revision = "421b71b2dc0f0d7ad013a811383c293aa546c038"
  source = "https://github.com/enlight/iavl.git"

[[projects]]
  digest = "1:a1eb813569fbe2ba8c6b8e25c8b7a7acbc7f01d486362043d4494cf949308096"
  name = "github.com/tendermint/tendermint"
  packages = [
    "abci/client",
    "abci/example/code",
    "abci/example/kvstore",
    "abci/server",
    "abci/types",
    "blockchain",
    "config",
    "consensus",
    "consensus/types",
    "crypto",
    "crypto/ed25519",
    "crypto/encoding/amino",
    "crypto/merkle",
    "crypto/multisig",
    "crypto/multisig/bitarray",
    "crypto/secp256k1",
    "crypto/tmhash",
    "evidence",
    "libs/autofile",
    "libs/clist",
    "libs/common",
    "libs/db",
    "libs/events",
    "libs/fail",
    "libs/flowrate",
    "libs/log",
    "libs/pubsub",
    "libs/pubsub/query",
    "mempool",
    "node",
    "p2p",
    "p2p/conn",
    "p2p/pex",
    "privval",
    "proxy",
    "rpc/core",
    "rpc/core/types",
    "rpc/grpc",
    "rpc/lib/client",
    "rpc/lib/server",
    "rpc/lib/types",
    "state",
    "state/txindex",
    "state/txindex/kv",
    "state/txindex/null",
    "types",
    "types/time",
    "version",
  ]
  pruneopts = "UT"
  revision = "29bb7b1ad483bec3c797ce24a5135465fccfa5f6"
  source = "https://github.com/loomnetwork/tendermint.git"

[[projects]]
  digest = "1:62c5059e000545d404b74399eeb07bb900d6c4be4fa3d44db730a1a7e3ff22d0"
  name = "github.com/ulule/limiter"
  packages = [
    ".",
    "drivers/store/common",
    "drivers/store/memory",
  ]
  pruneopts = "UT"
  revision = "cfd0e758da796489f1274da631a71ab637009c2f"
  version = "v2.2.1"

[[projects]]
  digest = "1:c450d0b3b9217e3926714751c2034a9171e2d769c254ef3c74e5795ad74e1b04"
  name = "github.com/zondax/ledger-go"
  packages = ["."]
  pruneopts = "UT"
  revision = "94455688b6fac63ee05a4a61f44d5a4095317f74"
  version = "v0.9.0"

[[projects]]
  digest = "1:255538c6fb1063c7a9211bb48c677c4799eb51b8ec46fe52d58ec64fa2a64a5d"
  name = "golang.org/x/net"
  packages = [
    "context",
    "netutil",
  ]
  pruneopts = "UT"
  revision = "292b43bbf7cb8d35ddf40f8d5100ef3837cced3f"

[[projects]]
  digest = "1:3f6e1af4cc2c512f2001d5870dc317ab93e68baf0f005d558d4c957c125602d9"
  name = "golang.org/x/sys"
  packages = [
    "cpu",
    "unix",
  ]
  pruneopts = "UT"
  revision = "9b800f95dbbc54abff0acf7ee32d88ba4e328c89"

[[projects]]
  digest = "1:8029e9743749d4be5bc9f7d42ea1659471767860f0cdc34d37c3111bd308a295"
  name = "golang.org/x/text"
  packages = [
    "internal/gen",
    "internal/triegen",
    "internal/ucd",
    "transform",
    "unicode/cldr",
    "unicode/norm",
  ]
  pruneopts = "UT"
  revision = "f21a4dfb5e38f5895301dc265a8def02365cc3d0"
  version = "v0.3.0"

[[projects]]
  digest = "1:4d2e5a73dc1500038e504a8d78b986630e3626dc027bc030ba5c75da257cdb96"
  name = "gopkg.in/yaml.v2"
  packages = ["."]
  pruneopts = "UT"
  revision = "51d6538a90f86fe93ac480b35f37b2be17fef232"
  version = "v2.2.2"

[solve-meta]
  analyzer-name = "dep"
  analyzer-version = 1
  input-imports = [
    "github.com/BurntSushi/toml",
    "github.com/allegro/bigcache",
    "github.com/binance-chain/go-sdk/keys",
    "github.com/golang/protobuf/proto",
    "github.com/gomodule/redigo/redis",
    "github.com/gorilla/websocket",
    "github.com/hashicorp/golang-lru",
    "github.com/loomnetwork/mamamerkle",
    "github.com/phonkee/go-pubsub",
    "github.com/pkg/errors",
    "github.com/posener/wstest",
    "github.com/spf13/viper",
    "github.com/stretchr/testify/assert",
    "github.com/stretchr/testify/require",
    "github.com/stretchr/testify/suite",
    "github.com/syndtr/goleveldb/leveldb",
    "github.com/syndtr/goleveldb/leveldb/errors",
    "github.com/syndtr/goleveldb/leveldb/filter",
    "github.com/syndtr/goleveldb/leveldb/opt",
    "github.com/syndtr/goleveldb/leveldb/util",
    "github.com/tendermint/go-amino",
    "github.com/tendermint/iavl",
    "github.com/tendermint/tendermint/abci/server",
    "github.com/tendermint/tendermint/abci/types",
    "github.com/tendermint/tendermint/blockchain",
    "github.com/tendermint/tendermint/config",
    "github.com/tendermint/tendermint/crypto",
    "github.com/tendermint/tendermint/crypto/ed25519",
    "github.com/tendermint/tendermint/crypto/encoding/amino",
    "github.com/tendermint/tendermint/crypto/secp256k1",
    "github.com/tendermint/tendermint/libs/common",
    "github.com/tendermint/tendermint/libs/db",
    "github.com/tendermint/tendermint/libs/log",
    "github.com/tendermint/tendermint/libs/pubsub",
    "github.com/tendermint/tendermint/node",
    "github.com/tendermint/tendermint/p2p",
    "github.com/tendermint/tendermint/privval",
    "github.com/tendermint/tendermint/proxy",
    "github.com/tendermint/tendermint/rpc/core",
    "github.com/tendermint/tendermint/rpc/core/types",
    "github.com/tendermint/tendermint/rpc/lib/client",
    "github.com/tendermint/tendermint/rpc/lib/server",
    "github.com/tendermint/tendermint/rpc/lib/types",
    "github.com/tendermint/tendermint/state",
    "github.com/tendermint/tendermint/types",
    "github.com/tendermint/tendermint/types/time",
    "github.com/ulule/limiter",
    "github.com/ulule/limiter/drivers/store/memory",
    "golang.org/x/net/context",
    "golang.org/x/sys/cpu",
  ]
  solver-name = "gps-cdcl"
  solver-version = 1
